
Microsoft Visual Studio Solution File, Format Version 12.00
# Visual Studio 15
VisualStudioVersion = 15.0.28307.421
MinimumVisualStudioVersion = 10.0.40219.1
Project("{FAE04EC0-301F-11D3-BF4B-00C04F79EFBC}") = "_List", "_List\_List.csproj", "{777998C9-5BBB-48BA-958A-80AA0C1A0D2E}"
EndProject
Global
	GlobalSection(SolutionConfigurationPlatforms) = preSolution
		Debug|Any CPU = Debug|Any CPU
		Release|Any CPU = Release|Any CPU
	EndGlobalSection
	GlobalSection(ProjectConfigurationPlatforms) = postSolution
		{777998C9-5BBB-48BA-958A-80AA0C1A0D2E}.Debug|Any CPU.ActiveCfg = Debug|Any CPU
		{777998C9-5BBB-48BA-958A-80AA0C1A0D2E}.Debug|Any CPU.Build.0 = Debug|Any CPU
		{777998C9-5BBB-48BA-958A-80AA0C1A0D2E}.Release|Any CPU.ActiveCfg = Release|Any CPU
		{777998C9-5BBB-48BA-958A-80AA0C1A0D2E}.Release|Any CPU.Build.0 = Release|Any CPU
	EndGlobalSection
	GlobalSection(SolutionProperties) = preSolution
		HideSolutionNode = FALSE
	EndGlobalSection
	GlobalSection(ExtensibilityGlobals) = postSolution
		SolutionGuid = {48AD6960-2259-43C4-8657-1B6FCE9CD965}
	EndGlobalSection
EndGlobal
